PODS:
  - Flutter (1.0.0)
  - flutter_naver_login (0.0.1):
    - Flutter
    - naveridlogin-sdk-ios (~> 4.1.0)
  - flutter_secure_storage (3.3.1):
    - Flutter
  - hexcolor (0.0.1):
    - Flutter
  - kakao_flutter_sdk_common (1.1.1):
    - Flutter
  - naveridlogin-sdk-ios (4.1.3)
  - package_info_plus (0.4.5):
    - Flutter
  - shared_preferences_ios (0.0.1):
    - Flutter
  - sign_in_with_apple (0.0.1):
    - Flutter
  - vertical_scrollable_tabview (0.0.1):
    - Flutter

DEPENDENCIES:
  - Flutter (from `Flutter`)
  - flutter_naver_login (from `.symlinks/plugins/flutter_naver_login/ios`)
  - flutter_secure_storage (from `.symlinks/plugins/flutter_secure_storage/ios`)
  - hexcolor (from `.symlinks/plugins/hexcolor/ios`)
  - kakao_flutter_sdk_common (from `.symlinks/plugins/kakao_flutter_sdk_common/ios`)
  - naveridlogin-sdk-ios
  - package_info_plus (from `.symlinks/plugins/package_info_plus/ios`)
  - shared_preferences_ios (from `.symlinks/plugins/shared_preferences_ios/ios`)
  - sign_in_with_apple (from `.symlinks/plugins/sign_in_with_apple/ios`)
  - vertical_scrollable_tabview (from `.symlinks/plugins/vertical_scrollable_tabview/ios`)

SPEC REPOS:
  trunk:
    - naveridlogin-sdk-ios

EXTERNAL SOURCES:
  Flutter:
    :path: Flutter
  flutter_naver_login:
    :path: ".symlinks/plugins/flutter_naver_login/ios"
  flutter_secure_storage:
    :path: ".symlinks/plugins/flutter_secure_storage/ios"
  hexcolor:
    :path: ".symlinks/plugins/hexcolor/ios"
  kakao_flutter_sdk_common:
    :path: ".symlinks/plugins/kakao_flutter_sdk_common/ios"
  package_info_plus:
    :path: ".symlinks/plugins/package_info_plus/ios"
  shared_preferences_ios:
    :path: ".symlinks/plugins/shared_preferences_ios/ios"
  sign_in_with_apple:
    :path: ".symlinks/plugins/sign_in_with_apple/ios"
  vertical_scrollable_tabview:
    :path: ".symlinks/plugins/vertical_scrollable_tabview/ios"

SPEC CHECKSUMS:
  Flutter: 50d75fe2f02b26cc09d224853bb45737f8b3214a
  flutter_naver_login: 1dbf6d21aae5235cdf76a28ac79cf6871899282f
  flutter_secure_storage: 7953c38a04c3fdbb00571bcd87d8e3b5ceb9daec
  hexcolor: fdfb9c4258ad96e949c2dbcdf790a62194b8aa89
  kakao_flutter_sdk_common: 2e35ad2f0c691c76456720632fe5067c8352d1a9
  naveridlogin-sdk-ios: b9d7c20677981177ed994ecb1c8c2b49f223277d
  package_info_plus: 6c92f08e1f853dc01228d6f553146438dafcd14e
  shared_preferences_ios: 548a61f8053b9b8a49ac19c1ffbc8b92c50d68ad
  sign_in_with_apple: f3bf75217ea4c2c8b91823f225d70230119b8440
  vertical_scrollable_tabview: 6e6f25411f226cc077ac4d915c8cd407a1317587

PODFILE CHECKSUM: 8c98b544577c7dda5ed2f7439b8c6adf307ce738

COCOAPODS: 1.11.3
