PODS:
  - AppAuth (1.5.0):
    - AppAuth/Core (= 1.5.0)
    - AppAuth/ExternalUserAgent (= 1.5.0)
  - AppAuth/Core (1.5.0)
  - AppAuth/ExternalUserAgent (1.5.0):
    - AppAuth/Core
  - channel_talk_flutter (2.3.1):
    - ChannelIOSDK
    - Flutter
  - ChannelIOSDK (10.0.5)
  - Flutter (1.0.0)
  - flutter_inappwebview (0.0.1):
    - Flutter
    - flutter_inappwebview/Core (= 0.0.1)
    - OrderedSet (~> 5.0)
  - flutter_inappwebview/Core (0.0.1):
    - Flutter
    - OrderedSet (~> 5.0)
  - flutter_naver_login (0.0.1):
    - Flutter
    - naveridlogin-sdk-ios (~> 4.1.0)
  - flutter_secure_storage (3.3.1):
    - Flutter
  - geocoding (1.0.5):
    - Flutter
  - google_sign_in_ios (0.0.1):
    - Flutter
    - GoogleSignIn (~> 5.0)
  - GoogleSignIn (5.0.2):
    - AppAuth (~> 1.2)
    - GTMAppAuth (~> 1.0)
    - GTMSessionFetcher/Core (~> 1.1)
  - GTMAppAuth (1.3.0):
    - AppAuth/Core (~> 1.4)
    - GTMSessionFetcher/Core (~> 1.5)
  - GTMSessionFetcher/Core (1.7.2)
  - hexcolor (0.0.1):
    - Flutter
  - iamport_flutter (0.0.1):
    - Flutter
  - iamport_webview_flutter (0.0.1):
    - Flutter
  - image_picker_ios (0.0.1):
    - Flutter
  - kakao_flutter_sdk_common (1.1.1):
    - Flutter
  - naveridlogin-sdk-ios (4.1.3)
  - OrderedSet (5.0.0)
  - package_info_plus (0.4.5):
    - Flutter
  - shared_preferences_ios (0.0.1):
    - Flutter
  - sign_in_with_apple (0.0.1):
    - Flutter
  - uni_links (0.0.1):
    - Flutter
  - url_launcher_ios (0.0.1):
    - Flutter
  - vertical_scrollable_tabview (0.0.1):
    - Flutter

DEPENDENCIES:
  - channel_talk_flutter (from `.symlinks/plugins/channel_talk_flutter/ios`)
  - ChannelIOSDK (from `https://mobile-static.channel.io/ios/latest/xcframework.podspec`)
  - Flutter (from `Flutter`)
  - flutter_inappwebview (from `.symlinks/plugins/flutter_inappwebview/ios`)
  - flutter_naver_login (from `.symlinks/plugins/flutter_naver_login/ios`)
  - flutter_secure_storage (from `.symlinks/plugins/flutter_secure_storage/ios`)
  - geocoding (from `.symlinks/plugins/geocoding/ios`)
  - google_sign_in_ios (from `.symlinks/plugins/google_sign_in_ios/ios`)
  - hexcolor (from `.symlinks/plugins/hexcolor/ios`)
  - iamport_flutter (from `.symlinks/plugins/iamport_flutter/ios`)
  - iamport_webview_flutter (from `.symlinks/plugins/iamport_webview_flutter/ios`)
  - image_picker_ios (from `.symlinks/plugins/image_picker_ios/ios`)
  - kakao_flutter_sdk_common (from `.symlinks/plugins/kakao_flutter_sdk_common/ios`)
  - naveridlogin-sdk-ios
  - package_info_plus (from `.symlinks/plugins/package_info_plus/ios`)
  - shared_preferences_ios (from `.symlinks/plugins/shared_preferences_ios/ios`)
  - sign_in_with_apple (from `.symlinks/plugins/sign_in_with_apple/ios`)
  - uni_links (from `.symlinks/plugins/uni_links/ios`)
  - url_launcher_ios (from `.symlinks/plugins/url_launcher_ios/ios`)
  - vertical_scrollable_tabview (from `.symlinks/plugins/vertical_scrollable_tabview/ios`)

SPEC REPOS:
  trunk:
    - AppAuth
    - GoogleSignIn
    - GTMAppAuth
    - GTMSessionFetcher
    - naveridlogin-sdk-ios
    - OrderedSet

EXTERNAL SOURCES:
  channel_talk_flutter:
    :path: ".symlinks/plugins/channel_talk_flutter/ios"
  ChannelIOSDK:
    :podspec: https://mobile-static.channel.io/ios/latest/xcframework.podspec
  Flutter:
    :path: Flutter
  flutter_inappwebview:
    :path: ".symlinks/plugins/flutter_inappwebview/ios"
  flutter_naver_login:
    :path: ".symlinks/plugins/flutter_naver_login/ios"
  flutter_secure_storage:
    :path: ".symlinks/plugins/flutter_secure_storage/ios"
  geocoding:
    :path: ".symlinks/plugins/geocoding/ios"
  google_sign_in_ios:
    :path: ".symlinks/plugins/google_sign_in_ios/ios"
  hexcolor:
    :path: ".symlinks/plugins/hexcolor/ios"
  iamport_flutter:
    :path: ".symlinks/plugins/iamport_flutter/ios"
  iamport_webview_flutter:
    :path: ".symlinks/plugins/iamport_webview_flutter/ios"
  image_picker_ios:
    :path: ".symlinks/plugins/image_picker_ios/ios"
  kakao_flutter_sdk_common:
    :path: ".symlinks/plugins/kakao_flutter_sdk_common/ios"
  package_info_plus:
    :path: ".symlinks/plugins/package_info_plus/ios"
  shared_preferences_ios:
    :path: ".symlinks/plugins/shared_preferences_ios/ios"
  sign_in_with_apple:
    :path: ".symlinks/plugins/sign_in_with_apple/ios"
  uni_links:
    :path: ".symlinks/plugins/uni_links/ios"
  url_launcher_ios:
    :path: ".symlinks/plugins/url_launcher_ios/ios"
  vertical_scrollable_tabview:
    :path: ".symlinks/plugins/vertical_scrollable_tabview/ios"

SPEC CHECKSUMS:
  AppAuth: 80317d99ac7ff2801a2f18ff86b48cd315ed465d
  channel_talk_flutter: 630530fa3ebf97e89372e646b01648433a7bb433
  ChannelIOSDK: 1aab9077eb5e24499c0d5924033a680d39769224
  Flutter: 50d75fe2f02b26cc09d224853bb45737f8b3214a
  flutter_inappwebview: bfd58618f49dc62f2676de690fc6dcda1d6c3721
  flutter_naver_login: 1dbf6d21aae5235cdf76a28ac79cf6871899282f
  flutter_secure_storage: 7953c38a04c3fdbb00571bcd87d8e3b5ceb9daec
  geocoding: 32cfcdb16d38d907caaba65e2e42ad10d38bee58
  google_sign_in_ios: ed71c0dbddfba8b1ea9aa210dbda695f46bf51bd
  GoogleSignIn: 7137d297ddc022a7e0aa4619c86d72c909fa7213
  GTMAppAuth: 4d8f864896f3646f0c33baf38a28362f4c601e15
  GTMSessionFetcher: 5595ec75acf5be50814f81e9189490412bad82ba
  hexcolor: fdfb9c4258ad96e949c2dbcdf790a62194b8aa89
  iamport_flutter: f698983444b7c0f83e356407631cfeec77a776bf
  iamport_webview_flutter: 70dbc31045e4cf7a0c829b76c6f8319dc94b299e
  image_picker_ios: b786a5dcf033a8336a657191401bfdf12017dabb
  kakao_flutter_sdk_common: 2e35ad2f0c691c76456720632fe5067c8352d1a9
  naveridlogin-sdk-ios: b9d7c20677981177ed994ecb1c8c2b49f223277d
  OrderedSet: aaeb196f7fef5a9edf55d89760da9176ad40b93c
  package_info_plus: 6c92f08e1f853dc01228d6f553146438dafcd14e
  shared_preferences_ios: 548a61f8053b9b8a49ac19c1ffbc8b92c50d68ad
  sign_in_with_apple: f3bf75217ea4c2c8b91823f225d70230119b8440
  uni_links: d97da20c7701486ba192624d99bffaaffcfc298a
  url_launcher_ios: 839c58cdb4279282219f5e248c3321761ff3c4de
  vertical_scrollable_tabview: 6e6f25411f226cc077ac4d915c8cd407a1317587

PODFILE CHECKSUM: 0c96a1d1faf7222831fa02d4088f32b4ac253f2b

COCOAPODS: 1.11.3
